
Microsoft Visual Studio Solution File, Format Version 12.00
# Visual Studio Version 16
VisualStudioVersion = 16.0.31005.135
MinimumVisualStudioVersion = 10.0.40219.1
Project("{888888A0-9F3D-457C-B088-3A5042F75D52}") = "Dx29.Environment", "Dx29.Environment\Dx29.Environment.pyproj", "{F8DB606D-F808-4C03-8479-1B70921D63C1}"
EndProject
Project("{2150E333-8FDC-42A3-9474-1A3956D46DE8}") = "Secrets", "Secrets", "{B0E67FC9-E1DD-4175-AA85-050416C1D036}"
	ProjectSection(SolutionItems) = preProject
		..\secrets\appsettings.secrets.json = ..\secrets\appsettings.secrets.json
		..\secrets\kubectl.txt = ..\secrets\kubectl.txt
		..\secrets\update-secrets.ps1 = ..\secrets\update-secrets.ps1
	EndProjectSection
EndProject
Global
	GlobalSection(SolutionConfigurationPlatforms) = preSolution
		Debug|Any CPU = Debug|Any CPU
		Release|Any CPU = Release|Any CPU
	EndGlobalSection
	GlobalSection(ProjectConfigurationPlatforms) = postSolution
		{F8DB606D-F808-4C03-8479-1B70921D63C1}.Debug|Any CPU.ActiveCfg = Debug|Any CPU
		{F8DB606D-F808-4C03-8479-1B70921D63C1}.Release|Any CPU.ActiveCfg = Release|Any CPU
	EndGlobalSection
	GlobalSection(SolutionProperties) = preSolution
		HideSolutionNode = FALSE
	EndGlobalSection
	GlobalSection(ExtensibilityGlobals) = postSolution
		SolutionGuid = {8528F455-56D0-4C10-A024-3476EE8816F3}
	EndGlobalSection
EndGlobal
